
Microsoft Visual Studio Solution File, Format Version 12.00
# Visual Studio Version 17
VisualStudioVersion = 17.14.36202.13 d17.14
MinimumVisualStudioVersion = 10.0.40219.1
Project("{FAE04EC0-301F-11D3-BF4B-00C04F79EFBC}") = "MagazynAPP", "MagazynAPP\MagazynAPP.csproj", "{8355531B-460C-4D94-9159-97774636B6C6}"
EndProject
Global
	GlobalSection(SolutionConfigurationPlatforms) = preSolution
		Debug|Any CPU = Debug|Any CPU
		Release|Any CPU = Release|Any CPU
	EndGlobalSection
	GlobalSection(ProjectConfigurationPlatforms) = postSolution
		{8355531B-460C-4D94-9159-97774636B6C6}.Debug|Any CPU.ActiveCfg = Debug|Any CPU
		{8355531B-460C-4D94-9159-97774636B6C6}.Debug|Any CPU.Build.0 = Debug|Any CPU
		{8355531B-460C-4D94-9159-97774636B6C6}.Release|Any CPU.ActiveCfg = Release|Any CPU
		{8355531B-460C-4D94-9159-97774636B6C6}.Release|Any CPU.Build.0 = Release|Any CPU
	EndGlobalSection
	GlobalSection(SolutionProperties) = preSolution
		HideSolutionNode = FALSE
	EndGlobalSection
	GlobalSection(ExtensibilityGlobals) = postSolution
		SolutionGuid = {EDF6E585-8BB5-461A-9076-99DBB2B034B7}
	EndGlobalSection
EndGlobal
